github.com/kwinh/go-orm v0.0.0-20240828084850-ec88666aeecf h1:F7BaN0iZC+eGZMTTtuEUCt92i2q62IMfLem7OSFFjxI=
github.com/kwinh/go-orm v0.0.0-20240828084850-ec88666aeecf/go.mod h1:GS9lq3AQINcZwVFQFX6fJFGWqYSHy71EKt6929iujtw=
github.com/kwinh/go-sql-builder v1.0.6 h1:453P0q/PqpbE3QcsN5ebjYiW6z7PKUblLEmbFLDT0fA=
github.com/kwinh/go-sql-builder v1.0.6/go.mod h1:kgKEM2CfSVmuhwtOfO8lcGwkF5ueQ30XqzP3nEyAZx8=
github.com/mattn/go-sqlite3 v1.14.22 h1:2gZY6PC6kBnID23Tichd1K+Z0oS6nE/XwU+Vz/5o4kU=
github.com/mattn/go-sqlite3 v1.14.22/go.mod h1:Uh1q+B4BYcTPb+yiD3kU8Ct7aC0hY9fxUwlHK0RXw+Y=
